version = 1
requires-python = ">=3.12"

[[package]]
name = "absl-py"
version = "2.1.0"
source = { registry = "https://pypi.org/simple" }
sdist = { url = "https://files.pythonhosted.org/packages/7a/8f/fc001b92ecc467cc32ab38398bd0bfb45df46e7523bf33c2ad22a505f06e/absl-py-2.1.0.tar.gz", hash = "sha256:7820790efbb316739cde8b4e19357243fc3608a152024288513dd968d7d959ff", size = 118055 }
wheels = [
    { url = "https://files.pythonhosted.org/packages/a2/ad/e0d3c824784ff121c03cc031f944bc7e139a8f1870ffd2845cc2dd76f6c4/absl_py-2.1.0-py3-none-any.whl", hash = "sha256:526a04eadab8b4ee719ce68f204172ead1027549089702d99b9059f129ff1308", size = 133706 },
]

[[package]]
name = "annotated-types"
version = "0.7.0"
source = { registry = "https://pypi.org/simple" }
sdist = { url = "https://files.pythonhosted.org/packages/ee/67/531ea369ba64dcff5ec9c3402f9f51bf748cec26dde048a2f973a4eea7f5/annotated_types-0.7.0.tar.gz", hash = "sha256:aff07c09a53a08bc8cfccb9c85b05f1aa9a2a6f23728d790723543408344ce89", size = 16081 }
wheels = [
    { url = "https://files.pythonhosted.org/packages/78/b6/6307fbef88d9b5ee7421e68d78a9f162e0da4900bc5f5793f6d3d0e34fb8/annotated_types-0.7.0-py3-none-any.whl", hash = "sha256:1f02e8b43a8fbbc3f3e0d4f0f4bfc8131bcb4eebe8849b8e5c773f3a1c582a53", size = 13643 },
]

[[package]]
name = "immutabledict"
version = "4.2.1"
source = { registry = "https://pypi.org/simple" }
sdist = { url = "https://files.pythonhosted.org/packages/e0/c5/4240186fbabc58fba41bbe17c5f0cd37ffd4c0b85a5029ab104f946df175/immutabledict-4.2.1.tar.gz", hash = "sha256:d91017248981c72eb66c8ff9834e99c2f53562346f23e7f51e7a5ebcf66a3bcc", size = 6228 }
wheels = [
    { url = "https://files.pythonhosted.org/packages/59/56/25ca7b848164b7d93dbd5fc97dd7751700c93e324fe854afbeb562ee2f98/immutabledict-4.2.1-py3-none-any.whl", hash = "sha256:c56a26ced38c236f79e74af3ccce53772827cef5c3bce7cab33ff2060f756373", size = 4700 },
]

[[package]]
name = "numpy"
version = "2.2.2"
source = { registry = "https://pypi.org/simple" }
sdist = { url = "https://files.pythonhosted.org/packages/ec/d0/c12ddfd3a02274be06ffc71f3efc6d0e457b0409c4481596881e748cb264/numpy-2.2.2.tar.gz", hash = "sha256:ed6906f61834d687738d25988ae117683705636936cc605be0bb208b23df4d8f", size = 20233295 }
wheels = [
    { url = "https://files.pythonhosted.org/packages/0c/e6/847d15770ab7a01e807bdfcd4ead5bdae57c0092b7dc83878171b6af97bb/numpy-2.2.2-cp312-cp312-macosx_10_13_x86_64.whl", hash = "sha256:ac9bea18d6d58a995fac1b2cb4488e17eceeac413af014b1dd26170b766d8467", size = 20912636 },
    { url = "https://files.pythonhosted.org/packages/d1/af/f83580891577b13bd7e261416120e036d0d8fb508c8a43a73e38928b794b/numpy-2.2.2-cp312-cp312-macosx_11_0_arm64.whl", hash = "sha256:23ae9f0c2d889b7b2d88a3791f6c09e2ef827c2446f1c4a3e3e76328ee4afd9a", size = 14098403 },
    { url = "https://files.pythonhosted.org/packages/2b/86/d019fb60a9d0f1d4cf04b014fe88a9135090adfadcc31c1fadbb071d7fa7/numpy-2.2.2-cp312-cp312-macosx_14_0_arm64.whl", hash = "sha256:3074634ea4d6df66be04f6728ee1d173cfded75d002c75fac79503a880bf3825", size = 5128938 },
    { url = "https://files.pythonhosted.org/packages/7a/1b/50985edb6f1ec495a1c36452e860476f5b7ecdc3fc59ea89ccad3c4926c5/numpy-2.2.2-cp312-cp312-macosx_14_0_x86_64.whl", hash = "sha256:8ec0636d3f7d68520afc6ac2dc4b8341ddb725039de042faf0e311599f54eb37", size = 6661937 },
    { url = "https://files.pythonhosted.org/packages/f4/1b/17efd94cad1b9d605c3f8907fb06bcffc4ce4d1d14d46b95316cccccf2b9/numpy-2.2.2-cp312-cp312-manylinux_2_17_aarch64.manylinux2014_aarch64.whl", hash = "sha256:2ffbb1acd69fdf8e89dd60ef6182ca90a743620957afb7066385a7bbe88dc748", size = 14049518 },
    { url = "https://files.pythonhosted.org/packages/5b/73/65d2f0b698df1731e851e3295eb29a5ab8aa06f763f7e4188647a809578d/numpy-2.2.2-cp312-cp312-manylinux_2_17_x86_64.manylinux2014_x86_64.whl", hash = "sha256:0349b025e15ea9d05c3d63f9657707a4e1d471128a3b1d876c095f328f8ff7f0", size = 16099146 },
    { url = "https://files.pythonhosted.org/packages/d5/69/308f55c0e19d4b5057b5df286c5433822e3c8039ede06d4051d96f1c2c4e/numpy-2.2.2-cp312-cp312-musllinux_1_2_aarch64.whl", hash = "sha256:463247edcee4a5537841d5350bc87fe8e92d7dd0e8c71c995d2c6eecb8208278", size = 15246336 },
    { url = "https://files.pythonhosted.org/packages/f0/d8/d8d333ad0d8518d077a21aeea7b7c826eff766a2b1ce1194dea95ca0bacf/numpy-2.2.2-cp312-cp312-musllinux_1_2_x86_64.whl", hash = "sha256:9dd47ff0cb2a656ad69c38da850df3454da88ee9a6fde0ba79acceee0e79daba", size = 17863507 },
    { url = "https://files.pythonhosted.org/packages/82/6e/0b84ad3103ffc16d6673e63b5acbe7901b2af96c2837174c6318c98e27ab/numpy-2.2.2-cp312-cp312-win32.whl", hash = "sha256:4525b88c11906d5ab1b0ec1f290996c0020dd318af8b49acaa46f198b1ffc283", size = 6276491 },
    { url = "https://files.pythonhosted.org/packages/fc/84/7f801a42a67b9772a883223a0a1e12069a14626c81a732bd70aac57aebc1/numpy-2.2.2-cp312-cp312-win_amd64.whl", hash = "sha256:5acea83b801e98541619af398cc0109ff48016955cc0818f478ee9ef1c5c3dcb", size = 12616372 },
    { url = "https://files.pythonhosted.org/packages/e1/fe/df5624001f4f5c3e0b78e9017bfab7fdc18a8d3b3d3161da3d64924dd659/numpy-2.2.2-cp313-cp313-macosx_10_13_x86_64.whl", hash = "sha256:b208cfd4f5fe34e1535c08983a1a6803fdbc7a1e86cf13dd0c61de0b51a0aadc", size = 20899188 },
    { url = "https://files.pythonhosted.org/packages/a9/80/d349c3b5ed66bd3cb0214be60c27e32b90a506946857b866838adbe84040/numpy-2.2.2-cp313-cp313-macosx_11_0_arm64.whl", hash = "sha256:d0bbe7dd86dca64854f4b6ce2ea5c60b51e36dfd597300057cf473d3615f2369", size = 14113972 },
    { url = "https://files.pythonhosted.org/packages/9d/50/949ec9cbb28c4b751edfa64503f0913cbfa8d795b4a251e7980f13a8a655/numpy-2.2.2-cp313-cp313-macosx_14_0_arm64.whl", hash = "sha256:22ea3bb552ade325530e72a0c557cdf2dea8914d3a5e1fecf58fa5dbcc6f43cd", size = 5114294 },
    { url = "https://files.pythonhosted.org/packages/8d/f3/399c15629d5a0c68ef2aa7621d430b2be22034f01dd7f3c65a9c9666c445/numpy-2.2.2-cp313-cp313-macosx_14_0_x86_64.whl", hash = "sha256:128c41c085cab8a85dc29e66ed88c05613dccf6bc28b3866cd16050a2f5448be", size = 6648426 },
    { url = "https://files.pythonhosted.org/packages/2c/03/c72474c13772e30e1bc2e558cdffd9123c7872b731263d5648b5c49dd459/numpy-2.2.2-cp313-cp313-manylinux_2_17_aarch64.manylinux2014_aarch64.whl", hash = "sha256:250c16b277e3b809ac20d1f590716597481061b514223c7badb7a0f9993c7f84", size = 14045990 },
    { url = "https://files.pythonhosted.org/packages/83/9c/96a9ab62274ffafb023f8ee08c88d3d31ee74ca58869f859db6845494fa6/numpy-2.2.2-cp313-cp313-manylinux_2_17_x86_64.manylinux2014_x86_64.whl", hash = "sha256:e0c8854b09bc4de7b041148d8550d3bd712b5c21ff6a8ed308085f190235d7ff", size = 16096614 },
    { url = "https://files.pythonhosted.org/packages/d5/34/cd0a735534c29bec7093544b3a509febc9b0df77718a9b41ffb0809c9f46/numpy-2.2.2-cp313-cp313-musllinux_1_2_aarch64.whl", hash = "sha256:b6fb9c32a91ec32a689ec6410def76443e3c750e7cfc3fb2206b985ffb2b85f0", size = 15242123 },
    { url = "https://files.pythonhosted.org/packages/5e/6d/541717a554a8f56fa75e91886d9b79ade2e595918690eb5d0d3dbd3accb9/numpy-2.2.2-cp313-cp313-musllinux_1_2_x86_64.whl", hash = "sha256:57b4012e04cc12b78590a334907e01b3a85efb2107df2b8733ff1ed05fce71de", size = 17859160 },
    { url = "https://files.pythonhosted.org/packages/b9/a5/fbf1f2b54adab31510728edd06a05c1b30839f37cf8c9747cb85831aaf1b/numpy-2.2.2-cp313-cp313-win32.whl", hash = "sha256:4dbd80e453bd34bd003b16bd802fac70ad76bd463f81f0c518d1245b1c55e3d9", size = 6273337 },
    { url = "https://files.pythonhosted.org/packages/56/e5/01106b9291ef1d680f82bc47d0c5b5e26dfed15b0754928e8f856c82c881/numpy-2.2.2-cp313-cp313-win_amd64.whl", hash = "sha256:5a8c863ceacae696aff37d1fd636121f1a512117652e5dfb86031c8d84836369", size = 12609010 },
    { url = "https://files.pythonhosted.org/packages/9f/30/f23d9876de0f08dceb707c4dcf7f8dd7588266745029debb12a3cdd40be6/numpy-2.2.2-cp313-cp313t-macosx_10_13_x86_64.whl", hash = "sha256:b3482cb7b3325faa5f6bc179649406058253d91ceda359c104dac0ad320e1391", size = 20924451 },
    { url = "https://files.pythonhosted.org/packages/6a/ec/6ea85b2da9d5dfa1dbb4cb3c76587fc8ddcae580cb1262303ab21c0926c4/numpy-2.2.2-cp313-cp313t-macosx_11_0_arm64.whl", hash = "sha256:9491100aba630910489c1d0158034e1c9a6546f0b1340f716d522dc103788e39", size = 14122390 },
    { url = "https://files.pythonhosted.org/packages/68/05/bfbdf490414a7dbaf65b10c78bc243f312c4553234b6d91c94eb7c4b53c2/numpy-2.2.2-cp313-cp313t-macosx_14_0_arm64.whl", hash = "sha256:41184c416143defa34cc8eb9d070b0a5ba4f13a0fa96a709e20584638254b317", size = 5156590 },
    { url = "https://files.pythonhosted.org/packages/f7/ec/fe2e91b2642b9d6544518388a441bcd65c904cea38d9ff998e2e8ebf808e/numpy-2.2.2-cp313-cp313t-macosx_14_0_x86_64.whl", hash = "sha256:7dca87ca328f5ea7dafc907c5ec100d187911f94825f8700caac0b3f4c384b49", size = 6671958 },
    { url = "https://files.pythonhosted.org/packages/b1/6f/6531a78e182f194d33ee17e59d67d03d0d5a1ce7f6be7343787828d1bd4a/numpy-2.2.2-cp313-cp313t-manylinux_2_17_aarch64.manylinux2014_aarch64.whl", hash = "sha256:0bc61b307655d1a7f9f4b043628b9f2b721e80839914ede634e3d485913e1fb2", size = 14019950 },
    { url = "https://files.pythonhosted.org/packages/e1/fb/13c58591d0b6294a08cc40fcc6b9552d239d773d520858ae27f39997f2ae/numpy-2.2.2-cp313-cp313t-manylinux_2_17_x86_64.manylinux2014_x86_64.whl", hash = "sha256:9fad446ad0bc886855ddf5909cbf8cb5d0faa637aaa6277fb4b19ade134ab3c7", size = 16079759 },
    { url = "https://files.pythonhosted.org/packages/2c/f2/f2f8edd62abb4b289f65a7f6d1f3650273af00b91b7267a2431be7f1aec6/numpy-2.2.2-cp313-cp313t-musllinux_1_2_aarch64.whl", hash = "sha256:149d1113ac15005652e8d0d3f6fd599360e1a708a4f98e43c9c77834a28238cb", size = 15226139 },
    { url = "https://files.pythonhosted.org/packages/aa/29/14a177f1a90b8ad8a592ca32124ac06af5eff32889874e53a308f850290f/numpy-2.2.2-cp313-cp313t-musllinux_1_2_x86_64.whl", hash = "sha256:106397dbbb1896f99e044efc90360d098b3335060375c26aa89c0d8a97c5f648", size = 17856316 },
    { url = "https://files.pythonhosted.org/packages/95/03/242ae8d7b97f4e0e4ab8dd51231465fb23ed5e802680d629149722e3faf1/numpy-2.2.2-cp313-cp313t-win32.whl", hash = "sha256:0eec19f8af947a61e968d5429f0bd92fec46d92b0008d0a6685b40d6adf8a4f4", size = 6329134 },
    { url = "https://files.pythonhosted.org/packages/80/94/cd9e9b04012c015cb6320ab3bf43bc615e248dddfeb163728e800a5d96f0/numpy-2.2.2-cp313-cp313t-win_amd64.whl", hash = "sha256:97b974d3ba0fb4612b77ed35d7627490e8e3dff56ab41454d9e8b23448940576", size = 12696208 },
]

[[package]]
name = "ortools"
version = "9.11.4210"
source = { registry = "https://pypi.org/simple" }
dependencies = [
    { name = "absl-py" },
    { name = "immutabledict" },
    { name = "numpy" },
    { name = "pandas" },
    { name = "protobuf" },
]
wheels = [
    { url = "https://files.pythonhosted.org/packages/21/36/f6292656614fcf979bef92ca2dc117b9207185a816317a5bb4ff4ec1bf4b/ortools-9.11.4210-cp312-cp312-macosx_10_15_x86_64.whl", hash = "sha256:079bea08c6341dcfe3fb9586eb6edec6ae80f4ed16ed366fd7a46ef4b5709009", size = 22328002 },
    { url = "https://files.pythonhosted.org/packages/0c/7e/5497823b8a5b8d26d976425f0721e3bf0871deb05c65d61323523cabb39c/ortools-9.11.4210-cp312-cp312-macosx_11_0_arm64.whl", hash = "sha256:7f55124f9d1afa6434d0d6de07c6a4eb836f29b00b3413d27138634d5d79b606", size = 20654740 },
    { url = "https://files.pythonhosted.org/packages/45/06/a7a622da3d7b7a0e6f01ffef4229b9627f64c1c920cafa71ba9607524801/ortools-9.11.4210-cp312-cp312-manylinux_2_17_aarch64.manylinux2014_aarch64.whl", hash = "sha256:1f48e3d4053a169440608d881c1abd2a706db885d9b0af85bf45b444a1fec244", size = 26414535 },
    { url = "https://files.pythonhosted.org/packages/3c/38/b2e915c4b3f3bf966d2d73e69ee4c72a09452822ea912af0a506a32e2a48/ortools-9.11.4210-cp312-cp312-manylinux_2_17_x86_64.manylinux2014_x86_64.whl", hash = "sha256:03ecd32e5d760d48e59832ef6bf724f8cac95e4e40db72a7fb912abf7adcf931", size = 28053736 },
    { url = "https://files.pythonhosted.org/packages/b1/d8/9a4589e4ab103e809f2de718ddb6718f2547cdd785d3d7efd4da958a9c29/ortools-9.11.4210-cp312-cp312-win_amd64.whl", hash = "sha256:bc1b6e4cc0a121ef888481a99194765e6df72d4d3da81f928543171a2bac8cbb", size = 142461842 },
]

[[package]]
name = "pandas"
version = "2.2.2"
source = { registry = "https://pypi.org/simple" }
dependencies = [
    { name = "numpy" },
    { name = "python-dateutil" },
    { name = "pytz" },
    { name = "tzdata" },
]
sdist = { url = "https://files.pythonhosted.org/packages/88/d9/ecf715f34c73ccb1d8ceb82fc01cd1028a65a5f6dbc57bfa6ea155119058/pandas-2.2.2.tar.gz", hash = "sha256:9e79019aba43cb4fda9e4d983f8e88ca0373adbb697ae9c6c43093218de28b54", size = 4398391 }
wheels = [
    { url = "https://files.pythonhosted.org/packages/dd/49/de869130028fb8d90e25da3b7d8fb13e40f5afa4c4af1781583eb1ff3839/pandas-2.2.2-cp312-cp312-macosx_10_9_x86_64.whl", hash = "sha256:9dfde2a0ddef507a631dc9dc4af6a9489d5e2e740e226ad426a05cabfbd7c8ef", size = 12500886 },
    { url = "https://files.pythonhosted.org/packages/db/7c/9a60add21b96140e22465d9adf09832feade45235cd22f4cb1668a25e443/pandas-2.2.2-cp312-cp312-macosx_11_0_arm64.whl", hash = "sha256:e9b79011ff7a0f4b1d6da6a61aa1aa604fb312d6647de5bad20013682d1429ce", size = 11340320 },
    { url = "https://files.pythonhosted.org/packages/b0/85/f95b5f322e1ae13b7ed7e97bd999160fa003424711ab4dc8344b8772c270/pandas-2.2.2-cp312-cp312-manylinux_2_17_aarch64.manylinux2014_aarch64.whl", hash = "sha256:1cb51fe389360f3b5a4d57dbd2848a5f033350336ca3b340d1c53a1fad33bcad", size = 15204346 },
    { url = "https://files.pythonhosted.org/packages/40/10/79e52ef01dfeb1c1ca47a109a01a248754ebe990e159a844ece12914de83/pandas-2.2.2-cp312-cp312-manylinux_2_17_x86_64.manylinux2014_x86_64.whl", hash = "sha256:eee3a87076c0756de40b05c5e9a6069c035ba43e8dd71c379e68cab2c20f16ad", size = 12733396 },
    { url = "https://files.pythonhosted.org/packages/35/9d/208febf8c4eb5c1d9ea3314d52d8bd415fd0ef0dd66bb24cc5bdbc8fa71a/pandas-2.2.2-cp312-cp312-musllinux_1_1_aarch64.whl", hash = "sha256:3e374f59e440d4ab45ca2fffde54b81ac3834cf5ae2cdfa69c90bc03bde04d76", size = 15858913 },
    { url = "https://files.pythonhosted.org/packages/99/d1/2d9bd05def7a9e08a92ec929b5a4c8d5556ec76fae22b0fa486cbf33ea63/pandas-2.2.2-cp312-cp312-musllinux_1_1_x86_64.whl", hash = "sha256:43498c0bdb43d55cb162cdc8c06fac328ccb5d2eabe3cadeb3529ae6f0517c32", size = 13417786 },
    { url = "https://files.pythonhosted.org/packages/22/a5/a0b255295406ed54269814bc93723cfd1a0da63fb9aaf99e1364f07923e5/pandas-2.2.2-cp312-cp312-win_amd64.whl", hash = "sha256:d187d355ecec3629624fccb01d104da7d7f391db0311145817525281e2804d23", size = 11498828 },
]

[[package]]
name = "protobuf"
version = "5.26.1"
source = { registry = "https://pypi.org/simple" }
sdist = { url = "https://files.pythonhosted.org/packages/d2/e5/7e22ca7201a6b1040aae7787d0fe6cd970311da376a86fdafa5182be1d1b/protobuf-5.26.1.tar.gz", hash = "sha256:8ca2a1d97c290ec7b16e4e5dff2e5ae150cc1582f55b5ab300d45cb0dfa90e51", size = 393518 }
wheels = [
    { url = "https://files.pythonhosted.org/packages/7a/eb/966e06bffa17a052f32d4f89f1721e358e47d554c6b0c73b487e5aa99f5e/protobuf-5.26.1-cp310-abi3-win32.whl", hash = "sha256:3c388ea6ddfe735f8cf69e3f7dc7611e73107b60bdfcf5d0f024c3ccd3794e23", size = 400018 },
    { url = "https://files.pythonhosted.org/packages/8d/83/d70cb6fedb1f38318af01f0035f2103732630af0ca323c0198122b49323b/protobuf-5.26.1-cp310-abi3-win_amd64.whl", hash = "sha256:e6039957449cb918f331d32ffafa8eb9255769c96aa0560d9a5bf0b4e00a2a33", size = 420904 },
    { url = "https://files.pythonhosted.org/packages/1e/40/2eb2bf643d4b060b1602a25748b48d75431f4951be2470f8ae136952b3d3/protobuf-5.26.1-cp37-abi3-macosx_10_9_universal2.whl", hash = "sha256:38aa5f535721d5bb99861166c445c4105c4e285c765fbb2ac10f116e32dcd46d", size = 404043 },
    { url = "https://files.pythonhosted.org/packages/c8/ac/6f4f48aa5472bf4b58f962a0c910e26bb7b648c141435cbe32b797768985/protobuf-5.26.1-cp37-abi3-manylinux2014_aarch64.whl", hash = "sha256:fbfe61e7ee8c1860855696e3ac6cfd1b01af5498facc6834fcc345c9684fb2ca", size = 300876 },
    { url = "https://files.pythonhosted.org/packages/2c/2a/d2741cad35fa5f06d9c59dda3274e5727ca11075dfd7de3f69c100efdcad/protobuf-5.26.1-cp37-abi3-manylinux2014_x86_64.whl", hash = "sha256:f7417703f841167e5a27d48be13389d52ad705ec09eade63dfc3180a959215d7", size = 302823 },
    { url = "https://files.pythonhosted.org/packages/d8/ba/1c8528299fe9082f9400e6f4eb021cb3311943b2bff9267d5e24e4b4a4d8/protobuf-5.26.1-py3-none-any.whl", hash = "sha256:da612f2720c0183417194eeaa2523215c4fcc1a1949772dc65f05047e08d5932", size = 161228 },
]

[[package]]
name = "pydantic"
version = "2.10.2"
source = { registry = "https://pypi.org/simple" }
dependencies = [
    { name = "annotated-types" },
    { name = "pydantic-core" },
    { name = "typing-extensions" },
]
sdist = { url = "https://files.pythonhosted.org/packages/41/86/a03390cb12cf64e2a8df07c267f3eb8d5035e0f9a04bb20fb79403d2a00e/pydantic-2.10.2.tar.gz", hash = "sha256:2bc2d7f17232e0841cbba4641e65ba1eb6fafb3a08de3a091ff3ce14a197c4fa", size = 785401 }
wheels = [
    { url = "https://files.pythonhosted.org/packages/d5/74/da832196702d0c56eb86b75bfa346db9238617e29b0b7ee3b8b4eccfe654/pydantic-2.10.2-py3-none-any.whl", hash = "sha256:cfb96e45951117c3024e6b67b25cdc33a3cb7b2fa62e239f7af1378358a1d99e", size = 456364 },
]

[[package]]
name = "pydantic-core"
version = "2.27.1"
source = { registry = "https://pypi.org/simple" }
dependencies = [
    { name = "typing-extensions" },
]
sdist = { url = "https://files.pythonhosted.org/packages/a6/9f/7de1f19b6aea45aeb441838782d68352e71bfa98ee6fa048d5041991b33e/pydantic_core-2.27.1.tar.gz", hash = "sha256:62a763352879b84aa31058fc931884055fd75089cccbd9d58bb6afd01141b235", size = 412785 }
wheels = [
    { url = "https://files.pythonhosted.org/packages/be/51/2e9b3788feb2aebff2aa9dfbf060ec739b38c05c46847601134cc1fed2ea/pydantic_core-2.27.1-cp312-cp312-macosx_10_12_x86_64.whl", hash = "sha256:9cbd94fc661d2bab2bc702cddd2d3370bbdcc4cd0f8f57488a81bcce90c7a54f", size = 1895239 },
    { url = "https://files.pythonhosted.org/packages/7b/9e/f8063952e4a7d0127f5d1181addef9377505dcce3be224263b25c4f0bfd9/pydantic_core-2.27.1-cp312-cp312-macosx_11_0_arm64.whl", hash = "sha256:5f8c4718cd44ec1580e180cb739713ecda2bdee1341084c1467802a417fe0f02", size = 1805070 },
    { url = "https://files.pythonhosted.org/packages/2c/9d/e1d6c4561d262b52e41b17a7ef8301e2ba80b61e32e94520271029feb5d8/pydantic_core-2.27.1-cp312-cp312-manylinux_2_17_aarch64.manylinux2014_aarch64.whl", hash = "sha256:15aae984e46de8d376df515f00450d1522077254ef6b7ce189b38ecee7c9677c", size = 1828096 },
    { url = "https://files.pythonhosted.org/packages/be/65/80ff46de4266560baa4332ae3181fffc4488ea7d37282da1a62d10ab89a4/pydantic_core-2.27.1-cp312-cp312-manylinux_2_17_armv7l.manylinux2014_armv7l.whl", hash = "sha256:1ba5e3963344ff25fc8c40da90f44b0afca8cfd89d12964feb79ac1411a260ac", size = 1857708 },
    { url = "https://files.pythonhosted.org/packages/d5/ca/3370074ad758b04d9562b12ecdb088597f4d9d13893a48a583fb47682cdf/pydantic_core-2.27.1-cp312-cp312-manylinux_2_17_ppc64le.manylinux2014_ppc64le.whl", hash = "sha256:992cea5f4f3b29d6b4f7f1726ed8ee46c8331c6b4eed6db5b40134c6fe1768bb", size = 2037751 },
    { url = "https://files.pythonhosted.org/packages/b1/e2/4ab72d93367194317b99d051947c071aef6e3eb95f7553eaa4208ecf9ba4/pydantic_core-2.27.1-cp312-cp312-manylinux_2_17_s390x.manylinux2014_s390x.whl", hash = "sha256:0325336f348dbee6550d129b1627cb8f5351a9dc91aad141ffb96d4937bd9529", size = 2733863 },
    { url = "https://files.pythonhosted.org/packages/8a/c6/8ae0831bf77f356bb73127ce5a95fe115b10f820ea480abbd72d3cc7ccf3/pydantic_core-2.27.1-cp312-cp312-manylinux_2_17_x86_64.manylinux2014_x86_64.whl", hash = "sha256:7597c07fbd11515f654d6ece3d0e4e5093edc30a436c63142d9a4b8e22f19c35", size = 2161161 },
    { url = "https://files.pythonhosted.org/packages/f1/f4/b2fe73241da2429400fc27ddeaa43e35562f96cf5b67499b2de52b528cad/pydantic_core-2.27.1-cp312-cp312-manylinux_2_5_i686.manylinux1_i686.whl", hash = "sha256:3bbd5d8cc692616d5ef6fbbbd50dbec142c7e6ad9beb66b78a96e9c16729b089", size = 1993294 },
    { url = "https://files.pythonhosted.org/packages/77/29/4bb008823a7f4cc05828198153f9753b3bd4c104d93b8e0b1bfe4e187540/pydantic_core-2.27.1-cp312-cp312-musllinux_1_1_aarch64.whl", hash = "sha256:dc61505e73298a84a2f317255fcc72b710b72980f3a1f670447a21efc88f8381", size = 2001468 },
    { url = "https://files.pythonhosted.org/packages/f2/a9/0eaceeba41b9fad851a4107e0cf999a34ae8f0d0d1f829e2574f3d8897b0/pydantic_core-2.27.1-cp312-cp312-musllinux_1_1_armv7l.whl", hash = "sha256:e1f735dc43da318cad19b4173dd1ffce1d84aafd6c9b782b3abc04a0d5a6f5bb", size = 2091413 },
    { url = "https://files.pythonhosted.org/packages/d8/36/eb8697729725bc610fd73940f0d860d791dc2ad557faaefcbb3edbd2b349/pydantic_core-2.27.1-cp312-cp312-musllinux_1_1_x86_64.whl", hash = "sha256:f4e5658dbffe8843a0f12366a4c2d1c316dbe09bb4dfbdc9d2d9cd6031de8aae", size = 2154735 },
    { url = "https://files.pythonhosted.org/packages/52/e5/4f0fbd5c5995cc70d3afed1b5c754055bb67908f55b5cb8000f7112749bf/pydantic_core-2.27.1-cp312-none-win32.whl", hash = "sha256:672ebbe820bb37988c4d136eca2652ee114992d5d41c7e4858cdd90ea94ffe5c", size = 1833633 },
    { url = "https://files.pythonhosted.org/packages/ee/f2/c61486eee27cae5ac781305658779b4a6b45f9cc9d02c90cb21b940e82cc/pydantic_core-2.27.1-cp312-none-win_amd64.whl", hash = "sha256:66ff044fd0bb1768688aecbe28b6190f6e799349221fb0de0e6f4048eca14c16", size = 1986973 },
    { url = "https://files.pythonhosted.org/packages/df/a6/e3f12ff25f250b02f7c51be89a294689d175ac76e1096c32bf278f29ca1e/pydantic_core-2.27.1-cp312-none-win_arm64.whl", hash = "sha256:9a3b0793b1bbfd4146304e23d90045f2a9b5fd5823aa682665fbdaf2a6c28f3e", size = 1883215 },
    { url = "https://files.pythonhosted.org/packages/0f/d6/91cb99a3c59d7b072bded9959fbeab0a9613d5a4935773c0801f1764c156/pydantic_core-2.27.1-cp313-cp313-macosx_10_12_x86_64.whl", hash = "sha256:f216dbce0e60e4d03e0c4353c7023b202d95cbaeff12e5fd2e82ea0a66905073", size = 1895033 },
    { url = "https://files.pythonhosted.org/packages/07/42/d35033f81a28b27dedcade9e967e8a40981a765795c9ebae2045bcef05d3/pydantic_core-2.27.1-cp313-cp313-macosx_11_0_arm64.whl", hash = "sha256:a2e02889071850bbfd36b56fd6bc98945e23670773bc7a76657e90e6b6603c08", size = 1807542 },
    { url = "https://files.pythonhosted.org/packages/41/c2/491b59e222ec7e72236e512108ecad532c7f4391a14e971c963f624f7569/pydantic_core-2.27.1-cp313-cp313-manylinux_2_17_aarch64.manylinux2014_aarch64.whl", hash = "sha256:42b0e23f119b2b456d07ca91b307ae167cc3f6c846a7b169fca5326e32fdc6cf", size = 1827854 },
    { url = "https://files.pythonhosted.org/packages/e3/f3/363652651779113189cefdbbb619b7b07b7a67ebb6840325117cc8cc3460/pydantic_core-2.27.1-cp313-cp313-manylinux_2_17_armv7l.manylinux2014_armv7l.whl", hash = "sha256:764be71193f87d460a03f1f7385a82e226639732214b402f9aa61f0d025f0737", size = 1857389 },
    { url = "https://files.pythonhosted.org/packages/5f/97/be804aed6b479af5a945daec7538d8bf358d668bdadde4c7888a2506bdfb/pydantic_core-2.27.1-cp313-cp313-manylinux_2_17_ppc64le.manylinux2014_ppc64le.whl", hash = "sha256:1c00666a3bd2f84920a4e94434f5974d7bbc57e461318d6bb34ce9cdbbc1f6b2", size = 2037934 },
    { url = "https://files.pythonhosted.org/packages/42/01/295f0bd4abf58902917e342ddfe5f76cf66ffabfc57c2e23c7681a1a1197/pydantic_core-2.27.1-cp313-cp313-manylinux_2_17_s390x.manylinux2014_s390x.whl", hash = "sha256:3ccaa88b24eebc0f849ce0a4d09e8a408ec5a94afff395eb69baf868f5183107", size = 2735176 },
    { url = "https://files.pythonhosted.org/packages/9d/a0/cd8e9c940ead89cc37812a1a9f310fef59ba2f0b22b4e417d84ab09fa970/pydantic_core-2.27.1-cp313-cp313-manylinux_2_17_x86_64.manylinux2014_x86_64.whl", hash = "sha256:c65af9088ac534313e1963443d0ec360bb2b9cba6c2909478d22c2e363d98a51", size = 2160720 },
    { url = "https://files.pythonhosted.org/packages/73/ae/9d0980e286627e0aeca4c352a60bd760331622c12d576e5ea4441ac7e15e/pydantic_core-2.27.1-cp313-cp313-manylinux_2_5_i686.manylinux1_i686.whl", hash = "sha256:206b5cf6f0c513baffaeae7bd817717140770c74528f3e4c3e1cec7871ddd61a", size = 1992972 },
    { url = "https://files.pythonhosted.org/packages/bf/ba/ae4480bc0292d54b85cfb954e9d6bd226982949f8316338677d56541b85f/pydantic_core-2.27.1-cp313-cp313-musllinux_1_1_aarch64.whl", hash = "sha256:062f60e512fc7fff8b8a9d680ff0ddaaef0193dba9fa83e679c0c5f5fbd018bc", size = 2001477 },
    { url = "https://files.pythonhosted.org/packages/55/b7/e26adf48c2f943092ce54ae14c3c08d0d221ad34ce80b18a50de8ed2cba8/pydantic_core-2.27.1-cp313-cp313-musllinux_1_1_armv7l.whl", hash = "sha256:a0697803ed7d4af5e4c1adf1670af078f8fcab7a86350e969f454daf598c4960", size = 2091186 },
    { url = "https://files.pythonhosted.org/packages/ba/cc/8491fff5b608b3862eb36e7d29d36a1af1c945463ca4c5040bf46cc73f40/pydantic_core-2.27.1-cp313-cp313-musllinux_1_1_x86_64.whl", hash = "sha256:58ca98a950171f3151c603aeea9303ef6c235f692fe555e883591103da709b23", size = 2154429 },
    { url = "https://files.pythonhosted.org/packages/78/d8/c080592d80edd3441ab7f88f865f51dae94a157fc64283c680e9f32cf6da/pydantic_core-2.27.1-cp313-none-win32.whl", hash = "sha256:8065914ff79f7eab1599bd80406681f0ad08f8e47c880f17b416c9f8f7a26d05", size = 1833713 },
    { url = "https://files.pythonhosted.org/packages/83/84/5ab82a9ee2538ac95a66e51f6838d6aba6e0a03a42aa185ad2fe404a4e8f/pydantic_core-2.27.1-cp313-none-win_amd64.whl", hash = "sha256:ba630d5e3db74c79300d9a5bdaaf6200172b107f263c98a0539eeecb857b2337", size = 1987897 },
    { url = "https://files.pythonhosted.org/packages/df/c3/b15fb833926d91d982fde29c0624c9f225da743c7af801dace0d4e187e71/pydantic_core-2.27.1-cp313-none-win_arm64.whl", hash = "sha256:45cf8588c066860b623cd11c4ba687f8d7175d5f7ef65f7129df8a394c502de5", size = 1882983 },
]

[[package]]
name = "python-dateutil"
version = "2.9.0.post0"
source = { registry = "https://pypi.org/simple" }
dependencies = [
    { name = "six" },
]
sdist = { url = "https://files.pythonhosted.org/packages/66/c0/0c8b6ad9f17a802ee498c46e004a0eb49bc148f2fd230864601a86dcf6db/python-dateutil-2.9.0.post0.tar.gz", hash = "sha256:37dd54208da7e1cd875388217d5e00ebd4179249f90fb72437e91a35459a0ad3", size = 342432 }
wheels = [
    { url = "https://files.pythonhosted.org/packages/ec/57/56b9bcc3c9c6a792fcbaf139543cee77261f3651ca9da0c93f5c1221264b/python_dateutil-2.9.0.post0-py2.py3-none-any.whl", hash = "sha256:a8b2bc7bffae282281c8140a97d3aa9c14da0b136dfe83f850eea9a5f7470427", size = 229892 },
]

[[package]]
name = "pytz"
version = "2025.1"
source = { registry = "https://pypi.org/simple" }
sdist = { url = "https://files.pythonhosted.org/packages/5f/57/df1c9157c8d5a05117e455d66fd7cf6dbc46974f832b1058ed4856785d8a/pytz-2025.1.tar.gz", hash = "sha256:c2db42be2a2518b28e65f9207c4d05e6ff547d1efa4086469ef855e4ab70178e", size = 319617 }
wheels = [
    { url = "https://files.pythonhosted.org/packages/eb/38/ac33370d784287baa1c3d538978b5e2ea064d4c1b93ffbd12826c190dd10/pytz-2025.1-py2.py3-none-any.whl", hash = "sha256:89dd22dca55b46eac6eda23b2d72721bf1bdfef212645d81513ef5d03038de57", size = 507930 },
]

[[package]]
name = "settlement-optimization"
version = "0.1.0"
source = { virtual = "." }
dependencies = [
    { name = "ortools" },
    { name = "pandas" },
    { name = "pydantic" },
]

[package.metadata]
requires-dist = [
    { name = "ortools", specifier = "==9.11.4210" },
    { name = "pandas", specifier = "==2.2.2" },
    { name = "pydantic", specifier = "==2.10.2" },
]

[[package]]
name = "six"
version = "1.17.0"
source = { registry = "https://pypi.org/simple" }
sdist = { url = "https://files.pythonhosted.org/packages/94/e7/b2c673351809dca68a0e064b6af791aa332cf192da575fd474ed7d6f16a2/six-1.17.0.tar.gz", hash = "sha256:ff70335d468e7eb6ec65b95b99d3a2836546063f63acc5171de367e834932a81", size = 34031 }
wheels = [
    { url = "https://files.pythonhosted.org/packages/b7/ce/149a00dd41f10bc29e5921b496af8b574d8413afcd5e30dfa0ed46c2cc5e/six-1.17.0-py2.py3-none-any.whl", hash = "sha256:4721f391ed90541fddacab5acf947aa0d3dc7d27b2e1e8eda2be8970586c3274", size = 11050 },
]

[[package]]
name = "typing-extensions"
version = "4.12.2"
source = { registry = "https://pypi.org/simple" }
sdist = { url = "https://files.pythonhosted.org/packages/df/db/f35a00659bc03fec321ba8bce9420de607a1d37f8342eee1863174c69557/typing_extensions-4.12.2.tar.gz", hash = "sha256:1a7ead55c7e559dd4dee8856e3a88b41225abfe1ce8df57b7c13915fe121ffb8", size = 85321 }
wheels = [
    { url = "https://files.pythonhosted.org/packages/26/9f/ad63fc0248c5379346306f8668cda6e2e2e9c95e01216d2b8ffd9ff037d0/typing_extensions-4.12.2-py3-none-any.whl", hash = "sha256:04e5ca0351e0f3f85c6853954072df659d0d13fac324d0072316b67d7794700d", size = 37438 },
]

[[package]]
name = "tzdata"
version = "2025.1"
source = { registry = "https://pypi.org/simple" }
sdist = { url = "https://files.pythonhosted.org/packages/43/0f/fa4723f22942480be4ca9527bbde8d43f6c3f2fe8412f00e7f5f6746bc8b/tzdata-2025.1.tar.gz", hash = "sha256:24894909e88cdb28bd1636c6887801df64cb485bd593f2fd83ef29075a81d694", size = 194950 }
wheels = [
    { url = "https://files.pythonhosted.org/packages/0f/dd/84f10e23edd882c6f968c21c2434fe67bd4a528967067515feca9e611e5e/tzdata-2025.1-py2.py3-none-any.whl", hash = "sha256:7e127113816800496f027041c570f50bcd464a020098a3b6b199517772303639", size = 346762 },
]
